
Microsoft Visual Studio Solution File, Format Version 12.00
# Visual Studio Version 16
VisualStudioVersion = 16.0.29326.143
MinimumVisualStudioVersion = 10.0.40219.1
Project("{FAE04EC0-301F-11D3-BF4B-00C04F79EFBC}") = "dotSeleniumFramework", "dotSeleniumFramework\dotSeleniumFramework.csproj", "{EE106A29-6972-4974-9408-05AF691981E4}"
EndProject
Global
	GlobalSection(SolutionConfigurationPlatforms) = preSolution
		Debug|Any CPU = Debug|Any CPU
		Release|Any CPU = Release|Any CPU
	EndGlobalSection
	GlobalSection(ProjectConfigurationPlatforms) = postSolution
		{EE106A29-6972-4974-9408-05AF691981E4}.Debug|Any CPU.ActiveCfg = Debug|Any CPU
		{EE106A29-6972-4974-9408-05AF691981E4}.Debug|Any CPU.Build.0 = Debug|Any CPU
		{EE106A29-6972-4974-9408-05AF691981E4}.Release|Any CPU.ActiveCfg = Release|Any CPU
		{EE106A29-6972-4974-9408-05AF691981E4}.Release|Any CPU.Build.0 = Release|Any CPU
	EndGlobalSection
	GlobalSection(SolutionProperties) = preSolution
		HideSolutionNode = FALSE
	EndGlobalSection
	GlobalSection(ExtensibilityGlobals) = postSolution
		SolutionGuid = {1C2D72AE-F9C6-4AE2-B5FC-1EE9447E2075}
	EndGlobalSection
EndGlobal
